
Microsoft Visual Studio Solution File, Format Version 12.00
# Visual Studio Version 17
VisualStudioVersion = 17.10.35013.160
MinimumVisualStudioVersion = 10.0.40219.1
Project("{FAE04EC0-301F-11D3-BF4B-00C04F79EFBC}") = "Intro", "Intro\Intro.csproj", "{8BA6B2CB-F48C-4BFE-AF65-0FC424BCD325}"
EndProject
Global
	GlobalSection(SolutionConfigurationPlatforms) = preSolution
		Debug|Any CPU = Debug|Any CPU
		Release|Any CPU = Release|Any CPU
	EndGlobalSection
	GlobalSection(ProjectConfigurationPlatforms) = postSolution
		{8BA6B2CB-F48C-4BFE-AF65-0FC424BCD325}.Debug|Any CPU.ActiveCfg = Debug|Any CPU
		{8BA6B2CB-F48C-4BFE-AF65-0FC424BCD325}.Debug|Any CPU.Build.0 = Debug|Any CPU
		{8BA6B2CB-F48C-4BFE-AF65-0FC424BCD325}.Release|Any CPU.ActiveCfg = Release|Any CPU
		{8BA6B2CB-F48C-4BFE-AF65-0FC424BCD325}.Release|Any CPU.Build.0 = Release|Any CPU
	EndGlobalSection
	GlobalSection(SolutionProperties) = preSolution
		HideSolutionNode = FALSE
	EndGlobalSection
	GlobalSection(ExtensibilityGlobals) = postSolution
		SolutionGuid = {2C05833B-5168-4A16-A65F-90D9C308F8FE}
	EndGlobalSection
EndGlobal
