
Microsoft Visual Studio Solution File, Format Version 12.00
# Visual Studio Version 17
VisualStudioVersion = 17.10.35122.118
MinimumVisualStudioVersion = 10.0.40219.1
Project("{FAE04EC0-301F-11D3-BF4B-00C04F79EFBC}") = "DataManagementWithLists", "DataManagementWithLists\DataManagementWithLists.csproj", "{84388A0C-444B-408E-B308-A556F071C941}"
EndProject
Project("{FAE04EC0-301F-11D3-BF4B-00C04F79EFBC}") = "WorkingWithLINQ", "WorkingWithLINQ\WorkingWithLINQ.csproj", "{77463BDF-FE5B-43D2-B3C6-7C9DDE9909AD}"
EndProject
Global
	GlobalSection(SolutionConfigurationPlatforms) = preSolution
		Debug|Any CPU = Debug|Any CPU
		Release|Any CPU = Release|Any CPU
	EndGlobalSection
	GlobalSection(ProjectConfigurationPlatforms) = postSolution
		{84388A0C-444B-408E-B308-A556F071C941}.Debug|Any CPU.ActiveCfg = Debug|Any CPU
		{84388A0C-444B-408E-B308-A556F071C941}.Debug|Any CPU.Build.0 = Debug|Any CPU
		{84388A0C-444B-408E-B308-A556F071C941}.Release|Any CPU.ActiveCfg = Release|Any CPU
		{84388A0C-444B-408E-B308-A556F071C941}.Release|Any CPU.Build.0 = Release|Any CPU
		{77463BDF-FE5B-43D2-B3C6-7C9DDE9909AD}.Debug|Any CPU.ActiveCfg = Debug|Any CPU
		{77463BDF-FE5B-43D2-B3C6-7C9DDE9909AD}.Debug|Any CPU.Build.0 = Debug|Any CPU
		{77463BDF-FE5B-43D2-B3C6-7C9DDE9909AD}.Release|Any CPU.ActiveCfg = Release|Any CPU
		{77463BDF-FE5B-43D2-B3C6-7C9DDE9909AD}.Release|Any CPU.Build.0 = Release|Any CPU
	EndGlobalSection
	GlobalSection(SolutionProperties) = preSolution
		HideSolutionNode = FALSE
	EndGlobalSection
	GlobalSection(ExtensibilityGlobals) = postSolution
		SolutionGuid = {437A3E3B-6C4C-4576-95A1-9A76FDC8F6D3}
	EndGlobalSection
EndGlobal
